// !$*UTF8*$!
{
	archiveVersion = 1;
	classes = {
	};
	objectVersion = 48;
	objects = {

/* Begin PBXBuildFile section */
		BA38E41E2052C7E200A840FF /* Vecteur.cc in Sources */ = {isa = PBXBuildFile; fileRef = BA38E41D2052C7E200A840FF /* Vecteur.cc */; };
		BA38E4252052C81B00A840FF /* testVecteur.cc in Sources */ = {isa = PBXBuildFile; fileRef = BA38E4242052C81B00A840FF /* testVecteur.cc */; };
		BA38E4282052C93300A840FF /* makefile in Sources */ = {isa = PBXBuildFile; fileRef = BA38E4272052C93300A840FF /* makefile */; };
/* End PBXBuildFile section */

/* Begin PBXCopyFilesBuildPhase section */
		BA38E4182052C7E200A840FF /* CopyFiles */ = {
			isa = PBXCopyFilesBuildPhase;
			buildActionMask = 2147483647;
			dstPath = /usr/share/man/man1/;
			dstSubfolderSpec = 0;
			files = (
			);
			runOnlyForDeploymentPostprocessing = 1;
		};
/* End PBXCopyFilesBuildPhase section */

/* Begin PBXFileReference section */
		BA38E41A2052C7E200A840FF /* Projet Prog */ = {isa = PBXFileReference; explicitFileType = "compiled.mach-o.executable"; includeInIndex = 0; path = "Projet Prog"; sourceTree = BUILT_PRODUCTS_DIR; };
		BA38E41D2052C7E200A840FF /* Vecteur.cc */ = {isa = PBXFileReference; lastKnownFileType = sourcecode.cpp.cpp; path = Vecteur.cc; sourceTree = "<group>"; };
		BA38E4242052C81B00A840FF /* testVecteur.cc */ = {isa = PBXFileReference; lastKnownFileType = sourcecode.cpp.cpp; path = testVecteur.cc; sourceTree = "<group>"; };
		BA38E4262052C85700A840FF /* Vecteur.h */ = {isa = PBXFileReference; lastKnownFileType = sourcecode.c.h; path = Vecteur.h; sourceTree = "<group>"; };
		BA38E4272052C93300A840FF /* makefile */ = {isa = PBXFileReference; fileEncoding = 4; lastKnownFileType = sourcecode.make; path = makefile; sourceTree = "<group>"; };
/* End PBXFileReference section */

/* Begin PBXFrameworksBuildPhase section */
		BA38E4172052C7E200A840FF /* Frameworks */ = {
			isa = PBXFrameworksBuildPhase;
			buildActionMask = 2147483647;
			files = (
			);
			runOnlyForDeploymentPostprocessing = 0;
		};
/* End PBXFrameworksBuildPhase section */

/* Begin PBXGroup section */
		BA38E4112052C7E200A840FF = {
			isa = PBXGroup;
			children = (
				BA38E41C2052C7E200A840FF /* Projet Prog */,
				BA38E41B2052C7E200A840FF /* Products */,
			);
			sourceTree = "<group>";
		};
		BA38E41B2052C7E200A840FF /* Products */ = {
			isa = PBXGroup;
			children = (
				BA38E41A2052C7E200A840FF /* Projet Prog */,
			);
			name = Products;
			sourceTree = "<group>";
		};
		BA38E41C2052C7E200A840FF /* Projet Prog */ = {
			isa = PBXGroup;
			children = (
				BA38E41D2052C7E200A840FF /* Vecteur.cc */,
				BA38E4262052C85700A840FF /* Vecteur.h */,
				BA38E4242052C81B00A840FF /* testVecteur.cc */,
				BA38E4272052C93300A840FF /* makefile */,
			);
			path = "Projet Prog";
			sourceTree = "<group>";
		};
/* End PBXGroup section */

/* Begin PBXNativeTarget section */
		BA38E4192052C7E200A840FF /* Projet Prog */ = {
			isa = PBXNativeTarget;
			buildConfigurationList = BA38E4212052C7E200A840FF /* Build configuration list for PBXNativeTarget "Projet Prog" */;
			buildPhases = (
				BA38E4162052C7E200A840FF /* Sources */,
				BA38E4172052C7E200A840FF /* Frameworks */,
				BA38E4182052C7E200A840FF /* CopyFiles */,
			);
			buildRules = (
			);
			dependencies = (
			);
			name = "Projet Prog";
			productName = "Projet Prog";
			productReference = BA38E41A2052C7E200A840FF /* Projet Prog */;
			productType = "com.apple.product-type.tool";
		};
/* End PBXNativeTarget section */

/* Begin PBXProject section */
		BA38E4122052C7E200A840FF /* Project object */ = {
			isa = PBXProject;
			attributes = {
				LastUpgradeCheck = 0920;
				ORGANIZATIONNAME = "Romain Palazzo";
				TargetAttributes = {
					BA38E4192052C7E200A840FF = {
						CreatedOnToolsVersion = 9.2;
						ProvisioningStyle = Automatic;
					};
				};
			};
			buildConfigurationList = BA38E4152052C7E200A840FF /* Build configuration list for PBXProject "Projet Prog" */;
			compatibilityVersion = "Xcode 8.0";
			developmentRegion = en;
			hasScannedForEncodings = 0;
			knownRegions = (
				en,
			);
			mainGroup = BA38E4112052C7E200A840FF;
			productRefGroup = BA38E41B2052C7E200A840FF /* Products */;
			projectDirPath = "";
			projectRoot = "";
			targets = (
				BA38E4192052C7E200A840FF /* Projet Prog */,
			);
		};
/* End PBXProject section */

/* Begin PBXSourcesBuildPhase section */
		BA38E4162052C7E200A840FF /* Sources */ = {
			isa = PBXSourcesBuildPhase;
			buildActionMask = 2147483647;
			files = (
				BA38E4252052C81B00A840FF /* testVecteur.cc in Sources */,
				BA38E41E2052C7E200A840FF /* Vecteur.cc in Sources */,
				BA38E4282052C93300A840FF /* makefile in Sources */,
			);
			runOnlyForDeploymentPostprocessing = 0;
		};
/* End PBXSourcesBuildPhase section */

/* Begin XCBuildConfiguration section */
		BA38E41F2052C7E200A840FF /* Debug */ = {
			isa = XCBuildConfiguration;
			buildSettings = {
				ALWAYS_SEARCH_USER_PATHS = NO;
				CLANG_ANALYZER_NONNULL = YES;
				CLANG_ANALYZER_NUMBER_OBJECT_CONVERSION = YES_AGGRESSIVE;
				CLANG_CXX_LANGUAGE_STANDARD = "gnu++14";
				CLANG_CXX_LIBRARY = "libc++";
				CLANG_ENABLE_MODULES = YES;
				CLANG_ENABLE_OBJC_ARC = YES;
				CLANG_WARN_BLOCK_CAPTURE_AUTORELEASING = YES;
				CLANG_WARN_BOOL_CONVERSION = YES;
				CLANG_WARN_COMMA = YES;
				CLANG_WARN_CONSTANT_CONVERSION = YES;
				CLANG_WARN_DIRECT_OBJC_ISA_USAGE = YES_ERROR;
				CLANG_WARN_DOCUMENTATION_COMMENTS = YES;
				CLANG_WARN_EMPTY_BODY = YES;
				CLANG_WARN_ENUM_CONVERSION = YES;
				CLANG_WARN_INFINITE_RECURSION = YES;
				CLANG_WARN_INT_CONVERSION = YES;
				CLANG_WARN_NON_LITERAL_NULL_CONVERSION = YES;
				CLANG_WARN_OBJC_LITERAL_CONVERSION = YES;
				CLANG_WARN_OBJC_ROOT_CLASS = YES_ERROR;
				CLANG_WARN_RANGE_LOOP_ANALYSIS = YES;
				CLANG_WARN_STRICT_PROTOTYPES = YES;
				CLANG_WARN_SUSPICIOUS_MOVE = YES;
				CLANG_WARN_UNGUARDED_AVAILABILITY = YES_AGGRESSIVE;
				CLANG_WARN_UNREACHABLE_CODE = YES;
				CLANG_WARN__DUPLICATE_METHOD_MATCH = YES;
				CODE_SIGN_IDENTITY = "-";
				COPY_PHASE_STRIP = NO;
				DEBUG_INFORMATION_FORMAT = dwarf;
				ENABLE_STRICT_OBJC_MSGSEND = YES;
				ENABLE_TESTABILITY = YES;
				GCC_C_LANGUAGE_STANDARD = gnu11;
				GCC_DYNAMIC_NO_PIC = NO;
				GCC_NO_COMMON_BLOCKS = YES;
				GCC_OPTIMIZATION_LEVEL = 0;
				GCC_PREPROCESSOR_DEFINITIONS = (
					"DEBUG=1",
					"$(inherited)",
				);
				GCC_WARN_64_TO_32_BIT_CONVERSION = YES;
				GCC_WARN_ABOUT_RETURN_TYPE = YES_ERROR;
				GCC_WARN_UNDECLARED_SELECTOR = YES;
				GCC_WARN_UNINITIALIZED_AUTOS = YES_AGGRESSIVE;
				GCC_WARN_UNUSED_FUNCTION = YES;
				GCC_WARN_UNUSED_VARIABLE = YES;
				MACOSX_DEPLOYMENT_TARGET = 10.13;
				MTL_ENABLE_DEBUG_INFO = YES;
				ONLY_ACTIVE_ARCH = YES;
				SDKROOT = macosx;
			};
			name = Debug;
		};
		BA38E4202052C7E200A840FF /* Release */ = {
			isa = XCBuildConfiguration;
			buildSettings = {
				ALWAYS_SEARCH_USER_PATHS = NO;
				CLANG_ANALYZER_NONNULL = YES;
				CLANG_ANALYZER_NUMBER_OBJECT_CONVERSION = YES_AGGRESSIVE;
				CLANG_CXX_LANGUAGE_STANDARD = "gnu++14";
				CLANG_CXX_LIBRARY = "libc++";
				CLANG_ENABLE_MODULES = YES;
				CLANG_ENABLE_OBJC_ARC = YES;
				CLANG_WARN_BLOCK_CAPTURE_AUTORELEASING = YES;
				CLANG_WARN_BOOL_CONVERSION = YES;
				CLANG_WARN_COMMA = YES;
				CLANG_WARN_CONSTANT_CONVERSION = YES;
				CLANG_WARN_DIRECT_OBJC_ISA_USAGE = YES_ERROR;
				CLANG_WARN_DOCUMENTATION_COMMENTS = YES;
				CLANG_WARN_EMPTY_BODY = YES;
				CLANG_WARN_ENUM_CONVERSION = YES;
				CLANG_WARN_INFINITE_RECURSION = YES;
				CLANG_WARN_INT_CONVERSION = YES;
				CLANG_WARN_NON_LITERAL_NULL_CONVERSION = YES;
				CLANG_WARN_OBJC_LITERAL_CONVERSION = YES;
				CLANG_WARN_OBJC_ROOT_CLASS = YES_ERROR;
				CLANG_WARN_RANGE_LOOP_ANALYSIS = YES;
				CLANG_WARN_STRICT_PROTOTYPES = YES;
				CLANG_WARN_SUSPICIOUS_MOVE = YES;
				CLANG_WARN_UNGUARDED_AVAILABILITY = YES_AGGRESSIVE;
				CLANG_WARN_UNREACHABLE_CODE = YES;
				CLANG_WARN__DUPLICATE_METHOD_MATCH = YES;
				CODE_SIGN_IDENTITY = "-";
				COPY_PHASE_STRIP = NO;
				DEBUG_INFORMATION_FORMAT = "dwarf-with-dsym";
				ENABLE_NS_ASSERTIONS = NO;
				ENABLE_STRICT_OBJC_MSGSEND = YES;
				GCC_C_LANGUAGE_STANDARD = gnu11;
				GCC_NO_COMMON_BLOCKS = YES;
				GCC_WARN_64_TO_32_BIT_CONVERSION = YES;
				GCC_WARN_ABOUT_RETURN_TYPE = YES_ERROR;
				GCC_WARN_UNDECLARED_SELECTOR = YES;
				GCC_WARN_UNINITIALIZED_AUTOS = YES_AGGRESSIVE;
				GCC_WARN_UNUSED_FUNCTION = YES;
				GCC_WARN_UNUSED_VARIABLE = YES;
				MACOSX_DEPLOYMENT_TARGET = 10.13;
				MTL_ENABLE_DEBUG_INFO = NO;
				SDKROOT = macosx;
			};
			name = Release;
		};
		BA38E4222052C7E200A840FF /* Debug */ = {
			isa = XCBuildConfiguration;
			buildSettings = {
				CODE_SIGN_STYLE = Automatic;
				PRODUCT_NAME = "$(TARGET_NAME)";
			};
			name = Debug;
		};
		BA38E4232052C7E200A840FF /* Release */ = {
			isa = XCBuildConfiguration;
			buildSettings = {
				CODE_SIGN_STYLE = Automatic;
				PRODUCT_NAME = "$(TARGET_NAME)";
			};
			name = Release;
		};
/* End XCBuildConfiguration section */

/* Begin XCConfigurationList section */
		BA38E4152052C7E200A840FF /* Build configuration list for PBXProject "Projet Prog" */ = {
			isa = XCConfigurationList;
			buildConfigurations = (
				BA38E41F2052C7E200A840FF /* Debug */,
				BA38E4202052C7E200A840FF /* Release */,
			);
			defaultConfigurationIsVisible = 0;
			defaultConfigurationName = Release;
		};
		BA38E4212052C7E200A840FF /* Build configuration list for PBXNativeTarget "Projet Prog" */ = {
			isa = XCConfigurationList;
			buildConfigurations = (
				BA38E4222052C7E200A840FF /* Debug */,
				BA38E4232052C7E200A840FF /* Release */,
			);
			defaultConfigurationIsVisible = 0;
			defaultConfigurationName = Release;
		};
/* End XCConfigurationList section */
	};
	rootObject = BA38E4122052C7E200A840FF /* Project object */;
}
